# This file is automatically @generated by Poetry 1.5.1 and should not be changed by hand.

[[package]]
name = "funcy"
version = "2.0"
description = "A fancy and practical functional tools"
optional = false
python-versions = "*"
files = [
    {file = "funcy-2.0-py2.py3-none-any.whl", hash = "sha256:53df23c8bb1651b12f095df764bfb057935d49537a56de211b098f4c79614bb0"},
    {file = "funcy-2.0.tar.gz", hash = "sha256:3963315d59d41c6f30c04bc910e10ab50a3ac4a225868bfa96feed133df075cb"},
]

[metadata]
lock-version = "2.0"
python-versions = "^3.11"
content-hash = "a0087bba6e00bd344219c8da381b131b66148ffab727f84370b8160c7a2e918e"
